
Microsoft Visual Studio Solution File, Format Version 12.00
# Visual Studio 15
VisualStudioVersion = 15.0.26228.9
MinimumVisualStudioVersion = 10.0.40219.1
Project("{FAE04EC0-301F-11D3-BF4B-00C04F79EFBC}") = "Cors.AspNet.Mvc5", "src\Cors.AspNet.Mvc5\Cors.AspNet.Mvc5.csproj", "{73E003F6-A60D-455D-9CFF-47044CE1544D}"
EndProject
Project("{FAE04EC0-301F-11D3-BF4B-00C04F79EFBC}") = "Cors.IIS7", "src\Cors.IIS7\Cors.IIS7.csproj", "{268CD66F-2C48-4533-85EB-4E079EBDEA8A}"
EndProject
Project("{FAE04EC0-301F-11D3-BF4B-00C04F79EFBC}") = "Cors.AspNet.WebAPI", "src\Cors.AspNet.WebAPI\Cors.AspNet.WebAPI.csproj", "{D6B816EB-F739-4E8F-98B9-9586E59087F1}"
EndProject
Global
	GlobalSection(SolutionConfigurationPlatforms) = preSolution
		Debug|Any CPU = Debug|Any CPU
		Release|Any CPU = Release|Any CPU
	EndGlobalSection
	GlobalSection(ProjectConfigurationPlatforms) = postSolution
		{73E003F6-A60D-455D-9CFF-47044CE1544D}.Debug|Any CPU.ActiveCfg = Debug|Any CPU
		{73E003F6-A60D-455D-9CFF-47044CE1544D}.Debug|Any CPU.Build.0 = Debug|Any CPU
		{73E003F6-A60D-455D-9CFF-47044CE1544D}.Release|Any CPU.ActiveCfg = Release|Any CPU
		{73E003F6-A60D-455D-9CFF-47044CE1544D}.Release|Any CPU.Build.0 = Release|Any CPU
		{268CD66F-2C48-4533-85EB-4E079EBDEA8A}.Debug|Any CPU.ActiveCfg = Debug|Any CPU
		{268CD66F-2C48-4533-85EB-4E079EBDEA8A}.Debug|Any CPU.Build.0 = Debug|Any CPU
		{268CD66F-2C48-4533-85EB-4E079EBDEA8A}.Release|Any CPU.ActiveCfg = Release|Any CPU
		{268CD66F-2C48-4533-85EB-4E079EBDEA8A}.Release|Any CPU.Build.0 = Release|Any CPU
		{D6B816EB-F739-4E8F-98B9-9586E59087F1}.Debug|Any CPU.ActiveCfg = Debug|Any CPU
		{D6B816EB-F739-4E8F-98B9-9586E59087F1}.Debug|Any CPU.Build.0 = Debug|Any CPU
		{D6B816EB-F739-4E8F-98B9-9586E59087F1}.Release|Any CPU.ActiveCfg = Release|Any CPU
		{D6B816EB-F739-4E8F-98B9-9586E59087F1}.Release|Any CPU.Build.0 = Release|Any CPU
	EndGlobalSection
	GlobalSection(SolutionProperties) = preSolution
		HideSolutionNode = FALSE
	EndGlobalSection
EndGlobal
