
Microsoft Visual Studio Solution File, Format Version 12.00
# Visual Studio 15
VisualStudioVersion = 15.0.26228.9
MinimumVisualStudioVersion = 10.0.40219.1
Project("{FAE04EC0-301F-11D3-BF4B-00C04F79EFBC}") = "Cors.AspNet", "src\Cors.AspNet\Cors.AspNet.csproj", "{FDAF6184-BADD-4A85-B31A-67F1181F36FB}"
EndProject
Global
	GlobalSection(SolutionConfigurationPlatforms) = preSolution
		Debug|Any CPU = Debug|Any CPU
		Release|Any CPU = Release|Any CPU
	EndGlobalSection
	GlobalSection(ProjectConfigurationPlatforms) = postSolution
		{FDAF6184-BADD-4A85-B31A-67F1181F36FB}.Debug|Any CPU.ActiveCfg = Debug|Any CPU
		{FDAF6184-BADD-4A85-B31A-67F1181F36FB}.Debug|Any CPU.Build.0 = Debug|Any CPU
		{FDAF6184-BADD-4A85-B31A-67F1181F36FB}.Release|Any CPU.ActiveCfg = Release|Any CPU
		{FDAF6184-BADD-4A85-B31A-67F1181F36FB}.Release|Any CPU.Build.0 = Release|Any CPU
	EndGlobalSection
	GlobalSection(SolutionProperties) = preSolution
		HideSolutionNode = FALSE
	EndGlobalSection
EndGlobal
